PODS:
  - CommonSettingSwift (1.0.0):
    - CommonSettingSwift/About (= 1.0.0)
    - CommonSettingSwift/Core (= 1.0.0)
    - CommonSettingSwift/Introduce (= 1.0.0)
    - CommonSettingSwift/Main (= 1.0.0)
    - CommonSettingSwift/Resources (= 1.0.0)
  - CommonSettingSwift/About (1.0.0):
    - CommonSettingSwift/Core
    - CommonSettingSwift/Resources
  - CommonSettingSwift/Core (1.0.0)
  - CommonSettingSwift/Introduce (1.0.0):
    - CommonSettingSwift/Core
    - CommonSettingSwift/Resources
  - CommonSettingSwift/Main (1.0.0):
    - CommonSettingSwift/About
    - CommonSettingSwift/Core
    - CommonSettingSwift/Introduce
    - CommonSettingSwift/Resources
  - CommonSettingSwift/Resources (1.0.0)

DEPENDENCIES:
  - CommonSettingSwift (from `../`)

EXTERNAL SOURCES:
  CommonSettingSwift:
    :path: "../"

SPEC CHECKSUMS:
  CommonSettingSwift: dfdb96e09e54ce090423c6fec4f50ef4734d500e

PODFILE CHECKSUM: 80b12aca2bf67494aa0ffae048ccdd923eb94004

COCOAPODS: 1.11.2
