PODS:
  - CommonSettingSwift (0.1.0)

DEPENDENCIES:
  - CommonSettingSwift (from `../`)

EXTERNAL SOURCES:
  CommonSettingSwift:
    :path: "../"

SPEC CHECKSUMS:
  CommonSettingSwift: 447024615b4845d6f0a73806d93367f2e5997d81

PODFILE CHECKSUM: 39dac06b5f4f3729b2288b2836472c65204d8375

COCOAPODS: 1.11.2
